// !$*UTF8*$!
{
	archiveVersion = 1;
	classes = {
	};
	objectVersion = 55;
	objects = {

/* Begin PBXBuildFile section */
		1990E25D767F8AFF933E0C88 /* Pods_Store_test_app.framework in Frameworks */ = {isa = PBXBuildFile; fileRef = 90CD0EAF035028102AAEC9D4 /* Pods_Store_test_app.framework */; };
		5696C00C29BF3B7400A2B020 /* AppDelegate.swift in Sources */ = {isa = PBXBuildFile; fileRef = 5696C00B29BF3B7400A2B020 /* AppDelegate.swift */; };
		5696C01029BF3B7400A2B020 /* SignInVC.swift in Sources */ = {isa = PBXBuildFile; fileRef = 5696C00F29BF3B7400A2B020 /* SignInVC.swift */; };
		5696C01629BF3B7400A2B020 /* Store_test_app.xcdatamodeld in Sources */ = {isa = PBXBuildFile; fileRef = 5696C01429BF3B7400A2B020 /* Store_test_app.xcdatamodeld */; };
		5696C01829BF3B7600A2B020 /* Assets.xcassets in Resources */ = {isa = PBXBuildFile; fileRef = 5696C01729BF3B7600A2B020 /* Assets.xcassets */; };
		5696C02629BF414200A2B020 /* BasicVC.swift in Sources */ = {isa = PBXBuildFile; fileRef = 5696C02529BF414200A2B020 /* BasicVC.swift */; };
		5696C02929BF419700A2B020 /* UIButton.swift in Sources */ = {isa = PBXBuildFile; fileRef = 5696C02829BF419700A2B020 /* UIButton.swift */; };
		5696C02B29BF41BC00A2B020 /* UILabel.swift in Sources */ = {isa = PBXBuildFile; fileRef = 5696C02A29BF41BC00A2B020 /* UILabel.swift */; };
		5696C02D29BF41EF00A2B020 /* UITextField.swift in Sources */ = {isa = PBXBuildFile; fileRef = 5696C02C29BF41EF00A2B020 /* UITextField.swift */; };
		5696C03129BF75C700A2B020 /* SignInUIFuncs.swift in Sources */ = {isa = PBXBuildFile; fileRef = 5696C03029BF75C700A2B020 /* SignInUIFuncs.swift */; };
		5696C03429BF864200A2B020 /* LoginVC.swift in Sources */ = {isa = PBXBuildFile; fileRef = 5696C03329BF864200A2B020 /* LoginVC.swift */; };
		5696C03629BF883500A2B020 /* SignInUXFuncs.swift in Sources */ = {isa = PBXBuildFile; fileRef = 5696C03529BF883500A2B020 /* SignInUXFuncs.swift */; };
		5696C03829BF88D500A2B020 /* SignInActions.swift in Sources */ = {isa = PBXBuildFile; fileRef = 5696C03729BF88D500A2B020 /* SignInActions.swift */; };
		5696C03B29BF8ED200A2B020 /* LoginUIFuncs.swift in Sources */ = {isa = PBXBuildFile; fileRef = 5696C03A29BF8ED200A2B020 /* LoginUIFuncs.swift */; };
		5696C03E29BF906900A2B020 /* User.swift in Sources */ = {isa = PBXBuildFile; fileRef = 5696C03D29BF906900A2B020 /* User.swift */; };
/* End PBXBuildFile section */

/* Begin PBXFileReference section */
		5696C00829BF3B7400A2B020 /* Store test app.app */ = {isa = PBXFileReference; explicitFileType = wrapper.application; includeInIndex = 0; path = "Store test app.app"; sourceTree = BUILT_PRODUCTS_DIR; };
		5696C00B29BF3B7400A2B020 /* AppDelegate.swift */ = {isa = PBXFileReference; lastKnownFileType = sourcecode.swift; path = AppDelegate.swift; sourceTree = "<group>"; };
		5696C00F29BF3B7400A2B020 /* SignInVC.swift */ = {isa = PBXFileReference; lastKnownFileType = sourcecode.swift; path = SignInVC.swift; sourceTree = "<group>"; };
		5696C01529BF3B7400A2B020 /* Store_test_app.xcdatamodel */ = {isa = PBXFileReference; lastKnownFileType = wrapper.xcdatamodel; path = Store_test_app.xcdatamodel; sourceTree = "<group>"; };
		5696C01729BF3B7600A2B020 /* Assets.xcassets */ = {isa = PBXFileReference; lastKnownFileType = folder.assetcatalog; path = Assets.xcassets; sourceTree = "<group>"; };
		5696C01C29BF3B7600A2B020 /* Info.plist */ = {isa = PBXFileReference; lastKnownFileType = text.plist.xml; path = Info.plist; sourceTree = "<group>"; };
		5696C02529BF414200A2B020 /* BasicVC.swift */ = {isa = PBXFileReference; lastKnownFileType = sourcecode.swift; path = BasicVC.swift; sourceTree = "<group>"; };
		5696C02829BF419700A2B020 /* UIButton.swift */ = {isa = PBXFileReference; lastKnownFileType = sourcecode.swift; path = UIButton.swift; sourceTree = "<group>"; };
		5696C02A29BF41BC00A2B020 /* UILabel.swift */ = {isa = PBXFileReference; lastKnownFileType = sourcecode.swift; path = UILabel.swift; sourceTree = "<group>"; };
		5696C02C29BF41EF00A2B020 /* UITextField.swift */ = {isa = PBXFileReference; lastKnownFileType = sourcecode.swift; path = UITextField.swift; sourceTree = "<group>"; };
		5696C03029BF75C700A2B020 /* SignInUIFuncs.swift */ = {isa = PBXFileReference; lastKnownFileType = sourcecode.swift; path = SignInUIFuncs.swift; sourceTree = "<group>"; };
		5696C03329BF864200A2B020 /* LoginVC.swift */ = {isa = PBXFileReference; lastKnownFileType = sourcecode.swift; path = LoginVC.swift; sourceTree = "<group>"; };
		5696C03529BF883500A2B020 /* SignInUXFuncs.swift */ = {isa = PBXFileReference; lastKnownFileType = sourcecode.swift; path = SignInUXFuncs.swift; sourceTree = "<group>"; };
		5696C03729BF88D500A2B020 /* SignInActions.swift */ = {isa = PBXFileReference; lastKnownFileType = sourcecode.swift; path = SignInActions.swift; sourceTree = "<group>"; };
		5696C03A29BF8ED200A2B020 /* LoginUIFuncs.swift */ = {isa = PBXFileReference; lastKnownFileType = sourcecode.swift; path = LoginUIFuncs.swift; sourceTree = "<group>"; };
		5696C03D29BF906900A2B020 /* User.swift */ = {isa = PBXFileReference; lastKnownFileType = sourcecode.swift; path = User.swift; sourceTree = "<group>"; };
		78457F081623896BA38AC3C2 /* Pods-Store test app.release.xcconfig */ = {isa = PBXFileReference; includeInIndex = 1; lastKnownFileType = text.xcconfig; name = "Pods-Store test app.release.xcconfig"; path = "Target Support Files/Pods-Store test app/Pods-Store test app.release.xcconfig"; sourceTree = "<group>"; };
		90CD0EAF035028102AAEC9D4 /* Pods_Store_test_app.framework */ = {isa = PBXFileReference; explicitFileType = wrapper.framework; includeInIndex = 0; path = Pods_Store_test_app.framework; sourceTree = BUILT_PRODUCTS_DIR; };
		B840484816C6523F0AB12CC6 /* Pods-Store test app.debug.xcconfig */ = {isa = PBXFileReference; includeInIndex = 1; lastKnownFileType = text.xcconfig; name = "Pods-Store test app.debug.xcconfig"; path = "Target Support Files/Pods-Store test app/Pods-Store test app.debug.xcconfig"; sourceTree = "<group>"; };
/* End PBXFileReference section */

/* Begin PBXFrameworksBuildPhase section */
		5696C00529BF3B7400A2B020 /* Frameworks */ = {
			isa = PBXFrameworksBuildPhase;
			buildActionMask = 2147483647;
			files = (
				1990E25D767F8AFF933E0C88 /* Pods_Store_test_app.framework in Frameworks */,
			);
			runOnlyForDeploymentPostprocessing = 0;
		};
/* End PBXFrameworksBuildPhase section */

/* Begin PBXGroup section */
		5696BFFF29BF3B7400A2B020 = {
			isa = PBXGroup;
			children = (
				5696C00A29BF3B7400A2B020 /* Store test app */,
				5696C00929BF3B7400A2B020 /* Products */,
				CF681FB54BAB5382BBB22EF1 /* Pods */,
				7FA28598A8BA85DCBF4BE0EF /* Frameworks */,
			);
			sourceTree = "<group>";
		};
		5696C00929BF3B7400A2B020 /* Products */ = {
			isa = PBXGroup;
			children = (
				5696C00829BF3B7400A2B020 /* Store test app.app */,
			);
			name = Products;
			sourceTree = "<group>";
		};
		5696C00A29BF3B7400A2B020 /* Store test app */ = {
			isa = PBXGroup;
			children = (
				5696C03C29BF904E00A2B020 /* Storage */,
				5696C03229BF863300A2B020 /* LoginVC */,
				5696C02E29BF512800A2B020 /* SignInVC */,
				5696C02329BF411200A2B020 /* Extensions */,
				5696C02229BF3BF700A2B020 /* Resources */,
			);
			path = "Store test app";
			sourceTree = "<group>";
		};
		5696C02229BF3BF700A2B020 /* Resources */ = {
			isa = PBXGroup;
			children = (
				5696C00B29BF3B7400A2B020 /* AppDelegate.swift */,
				5696C01729BF3B7600A2B020 /* Assets.xcassets */,
				5696C01C29BF3B7600A2B020 /* Info.plist */,
				5696C01429BF3B7400A2B020 /* Store_test_app.xcdatamodeld */,
			);
			path = Resources;
			sourceTree = "<group>";
		};
		5696C02329BF411200A2B020 /* Extensions */ = {
			isa = PBXGroup;
			children = (
				5696C02729BF418100A2B020 /* UIKit */,
				5696C02429BF411E00A2B020 /* Controllers */,
			);
			path = Extensions;
			sourceTree = "<group>";
		};
		5696C02429BF411E00A2B020 /* Controllers */ = {
			isa = PBXGroup;
			children = (
				5696C02529BF414200A2B020 /* BasicVC.swift */,
			);
			path = Controllers;
			sourceTree = "<group>";
		};
		5696C02729BF418100A2B020 /* UIKit */ = {
			isa = PBXGroup;
			children = (
				5696C02829BF419700A2B020 /* UIButton.swift */,
				5696C02A29BF41BC00A2B020 /* UILabel.swift */,
				5696C02C29BF41EF00A2B020 /* UITextField.swift */,
			);
			path = UIKit;
			sourceTree = "<group>";
		};
		5696C02E29BF512800A2B020 /* SignInVC */ = {
			isa = PBXGroup;
			children = (
				5696C02F29BF75AF00A2B020 /* SignInFuncs */,
				5696C00F29BF3B7400A2B020 /* SignInVC.swift */,
			);
			path = SignInVC;
			sourceTree = "<group>";
		};
		5696C02F29BF75AF00A2B020 /* SignInFuncs */ = {
			isa = PBXGroup;
			children = (
				5696C03029BF75C700A2B020 /* SignInUIFuncs.swift */,
				5696C03529BF883500A2B020 /* SignInUXFuncs.swift */,
				5696C03729BF88D500A2B020 /* SignInActions.swift */,
			);
			path = SignInFuncs;
			sourceTree = "<group>";
		};
		5696C03229BF863300A2B020 /* LoginVC */ = {
			isa = PBXGroup;
			children = (
				5696C03929BF8EBC00A2B020 /* LoginVCFuncs */,
				5696C03329BF864200A2B020 /* LoginVC.swift */,
			);
			path = LoginVC;
			sourceTree = "<group>";
		};
		5696C03929BF8EBC00A2B020 /* LoginVCFuncs */ = {
			isa = PBXGroup;
			children = (
				5696C03A29BF8ED200A2B020 /* LoginUIFuncs.swift */,
			);
			path = LoginVCFuncs;
			sourceTree = "<group>";
		};
		5696C03C29BF904E00A2B020 /* Storage */ = {
			isa = PBXGroup;
			children = (
				5696C03D29BF906900A2B020 /* User.swift */,
			);
			path = Storage;
			sourceTree = "<group>";
		};
		7FA28598A8BA85DCBF4BE0EF /* Frameworks */ = {
			isa = PBXGroup;
			children = (
				90CD0EAF035028102AAEC9D4 /* Pods_Store_test_app.framework */,
			);
			name = Frameworks;
			sourceTree = "<group>";
		};
		CF681FB54BAB5382BBB22EF1 /* Pods */ = {
			isa = PBXGroup;
			children = (
				B840484816C6523F0AB12CC6 /* Pods-Store test app.debug.xcconfig */,
				78457F081623896BA38AC3C2 /* Pods-Store test app.release.xcconfig */,
			);
			path = Pods;
			sourceTree = "<group>";
		};
/* End PBXGroup section */

/* Begin PBXNativeTarget section */
		5696C00729BF3B7400A2B020 /* Store test app */ = {
			isa = PBXNativeTarget;
			buildConfigurationList = 5696C01F29BF3B7600A2B020 /* Build configuration list for PBXNativeTarget "Store test app" */;
			buildPhases = (
				CBBE310426693A4C9401E501 /* [CP] Check Pods Manifest.lock */,
				5696C00429BF3B7400A2B020 /* Sources */,
				5696C00529BF3B7400A2B020 /* Frameworks */,
				5696C00629BF3B7400A2B020 /* Resources */,
				0148AF7B0C007B89658F1E45 /* [CP] Embed Pods Frameworks */,
			);
			buildRules = (
			);
			dependencies = (
			);
			name = "Store test app";
			productName = "Store test app";
			productReference = 5696C00829BF3B7400A2B020 /* Store test app.app */;
			productType = "com.apple.product-type.application";
		};
/* End PBXNativeTarget section */

/* Begin PBXProject section */
		5696C00029BF3B7400A2B020 /* Project object */ = {
			isa = PBXProject;
			attributes = {
				BuildIndependentTargetsInParallel = 1;
				LastSwiftUpdateCheck = 1400;
				LastUpgradeCheck = 1400;
				TargetAttributes = {
					5696C00729BF3B7400A2B020 = {
						CreatedOnToolsVersion = 14.0.1;
					};
				};
			};
			buildConfigurationList = 5696C00329BF3B7400A2B020 /* Build configuration list for PBXProject "Store test app" */;
			compatibilityVersion = "Xcode 13.0";
			developmentRegion = en;
			hasScannedForEncodings = 0;
			knownRegions = (
				en,
				Base,
			);
			mainGroup = 5696BFFF29BF3B7400A2B020;
			productRefGroup = 5696C00929BF3B7400A2B020 /* Products */;
			projectDirPath = "";
			projectRoot = "";
			targets = (
				5696C00729BF3B7400A2B020 /* Store test app */,
			);
		};
/* End PBXProject section */

/* Begin PBXResourcesBuildPhase section */
		5696C00629BF3B7400A2B020 /* Resources */ = {
			isa = PBXResourcesBuildPhase;
			buildActionMask = 2147483647;
			files = (
				5696C01829BF3B7600A2B020 /* Assets.xcassets in Resources */,
			);
			runOnlyForDeploymentPostprocessing = 0;
		};
/* End PBXResourcesBuildPhase section */

/* Begin PBXShellScriptBuildPhase section */
		0148AF7B0C007B89658F1E45 /* [CP] Embed Pods Frameworks */ = {
			isa = PBXShellScriptBuildPhase;
			buildActionMask = 2147483647;
			files = (
			);
			inputFileListPaths = (
				"${PODS_ROOT}/Target Support Files/Pods-Store test app/Pods-Store test app-frameworks-${CONFIGURATION}-input-files.xcfilelist",
			);
			name = "[CP] Embed Pods Frameworks";
			outputFileListPaths = (
				"${PODS_ROOT}/Target Support Files/Pods-Store test app/Pods-Store test app-frameworks-${CONFIGURATION}-output-files.xcfilelist",
			);
			runOnlyForDeploymentPostprocessing = 0;
			shellPath = /bin/sh;
			shellScript = "\"${PODS_ROOT}/Target Support Files/Pods-Store test app/Pods-Store test app-frameworks.sh\"\n";
			showEnvVarsInLog = 0;
		};
		CBBE310426693A4C9401E501 /* [CP] Check Pods Manifest.lock */ = {
			isa = PBXShellScriptBuildPhase;
			buildActionMask = 2147483647;
			files = (
			);
			inputFileListPaths = (
			);
			inputPaths = (
				"${PODS_PODFILE_DIR_PATH}/Podfile.lock",
				"${PODS_ROOT}/Manifest.lock",
			);
			name = "[CP] Check Pods Manifest.lock";
			outputFileListPaths = (
			);
			outputPaths = (
				"$(DERIVED_FILE_DIR)/Pods-Store test app-checkManifestLockResult.txt",
			);
			runOnlyForDeploymentPostprocessing = 0;
			shellPath = /bin/sh;
			shellScript = "diff \"${PODS_PODFILE_DIR_PATH}/Podfile.lock\" \"${PODS_ROOT}/Manifest.lock\" > /dev/null\nif [ $? != 0 ] ; then\n    # print error to STDERR\n    echo \"error: The sandbox is not in sync with the Podfile.lock. Run 'pod install' or update your CocoaPods installation.\" >&2\n    exit 1\nfi\n# This output is used by Xcode 'outputs' to avoid re-running this script phase.\necho \"SUCCESS\" > \"${SCRIPT_OUTPUT_FILE_0}\"\n";
			showEnvVarsInLog = 0;
		};
/* End PBXShellScriptBuildPhase section */

/* Begin PBXSourcesBuildPhase section */
		5696C00429BF3B7400A2B020 /* Sources */ = {
			isa = PBXSourcesBuildPhase;
			buildActionMask = 2147483647;
			files = (
				5696C03E29BF906900A2B020 /* User.swift in Sources */,
				5696C02929BF419700A2B020 /* UIButton.swift in Sources */,
				5696C01029BF3B7400A2B020 /* SignInVC.swift in Sources */,
				5696C02D29BF41EF00A2B020 /* UITextField.swift in Sources */,
				5696C03129BF75C700A2B020 /* SignInUIFuncs.swift in Sources */,
				5696C00C29BF3B7400A2B020 /* AppDelegate.swift in Sources */,
				5696C03429BF864200A2B020 /* LoginVC.swift in Sources */,
				5696C01629BF3B7400A2B020 /* Store_test_app.xcdatamodeld in Sources */,
				5696C02B29BF41BC00A2B020 /* UILabel.swift in Sources */,
				5696C03829BF88D500A2B020 /* SignInActions.swift in Sources */,
				5696C03629BF883500A2B020 /* SignInUXFuncs.swift in Sources */,
				5696C02629BF414200A2B020 /* BasicVC.swift in Sources */,
				5696C03B29BF8ED200A2B020 /* LoginUIFuncs.swift in Sources */,
			);
			runOnlyForDeploymentPostprocessing = 0;
		};
/* End PBXSourcesBuildPhase section */

/* Begin XCBuildConfiguration section */
		5696C01D29BF3B7600A2B020 /* Debug */ = {
			isa = XCBuildConfiguration;
			buildSettings = {
				ALWAYS_SEARCH_USER_PATHS = NO;
				CLANG_ANALYZER_NONNULL = YES;
				CLANG_ANALYZER_NUMBER_OBJECT_CONVERSION = YES_AGGRESSIVE;
				CLANG_CXX_LANGUAGE_STANDARD = "gnu++20";
				CLANG_ENABLE_MODULES = YES;
				CLANG_ENABLE_OBJC_ARC = YES;
				CLANG_ENABLE_OBJC_WEAK = YES;
				CLANG_WARN_BLOCK_CAPTURE_AUTORELEASING = YES;
				CLANG_WARN_BOOL_CONVERSION = YES;
				CLANG_WARN_COMMA = YES;
				CLANG_WARN_CONSTANT_CONVERSION = YES;
				CLANG_WARN_DEPRECATED_OBJC_IMPLEMENTATIONS = YES;
				CLANG_WARN_DIRECT_OBJC_ISA_USAGE = YES_ERROR;
				CLANG_WARN_DOCUMENTATION_COMMENTS = YES;
				CLANG_WARN_EMPTY_BODY = YES;
				CLANG_WARN_ENUM_CONVERSION = YES;
				CLANG_WARN_INFINITE_RECURSION = YES;
				CLANG_WARN_INT_CONVERSION = YES;
				CLANG_WARN_NON_LITERAL_NULL_CONVERSION = YES;
				CLANG_WARN_OBJC_IMPLICIT_RETAIN_SELF = YES;
				CLANG_WARN_OBJC_LITERAL_CONVERSION = YES;
				CLANG_WARN_OBJC_ROOT_CLASS = YES_ERROR;
				CLANG_WARN_QUOTED_INCLUDE_IN_FRAMEWORK_HEADER = YES;
				CLANG_WARN_RANGE_LOOP_ANALYSIS = YES;
				CLANG_WARN_STRICT_PROTOTYPES = YES;
				CLANG_WARN_SUSPICIOUS_MOVE = YES;
				CLANG_WARN_UNGUARDED_AVAILABILITY = YES_AGGRESSIVE;
				CLANG_WARN_UNREACHABLE_CODE = YES;
				CLANG_WARN__DUPLICATE_METHOD_MATCH = YES;
				COPY_PHASE_STRIP = NO;
				DEBUG_INFORMATION_FORMAT = dwarf;
				ENABLE_STRICT_OBJC_MSGSEND = YES;
				ENABLE_TESTABILITY = YES;
				GCC_C_LANGUAGE_STANDARD = gnu11;
				GCC_DYNAMIC_NO_PIC = NO;
				GCC_NO_COMMON_BLOCKS = YES;
				GCC_OPTIMIZATION_LEVEL = 0;
				GCC_PREPROCESSOR_DEFINITIONS = (
					"DEBUG=1",
					"$(inherited)",
				);
				GCC_WARN_64_TO_32_BIT_CONVERSION = YES;
				GCC_WARN_ABOUT_RETURN_TYPE = YES_ERROR;
				GCC_WARN_UNDECLARED_SELECTOR = YES;
				GCC_WARN_UNINITIALIZED_AUTOS = YES_AGGRESSIVE;
				GCC_WARN_UNUSED_FUNCTION = YES;
				GCC_WARN_UNUSED_VARIABLE = YES;
				IPHONEOS_DEPLOYMENT_TARGET = 16.0;
				MTL_ENABLE_DEBUG_INFO = INCLUDE_SOURCE;
				MTL_FAST_MATH = YES;
				ONLY_ACTIVE_ARCH = YES;
				SDKROOT = iphoneos;
				SWIFT_ACTIVE_COMPILATION_CONDITIONS = DEBUG;
				SWIFT_OPTIMIZATION_LEVEL = "-Onone";
			};
			name = Debug;
		};
		5696C01E29BF3B7600A2B020 /* Release */ = {
			isa = XCBuildConfiguration;
			buildSettings = {
				ALWAYS_SEARCH_USER_PATHS = NO;
				CLANG_ANALYZER_NONNULL = YES;
				CLANG_ANALYZER_NUMBER_OBJECT_CONVERSION = YES_AGGRESSIVE;
				CLANG_CXX_LANGUAGE_STANDARD = "gnu++20";
				CLANG_ENABLE_MODULES = YES;
				CLANG_ENABLE_OBJC_ARC = YES;
				CLANG_ENABLE_OBJC_WEAK = YES;
				CLANG_WARN_BLOCK_CAPTURE_AUTORELEASING = YES;
				CLANG_WARN_BOOL_CONVERSION = YES;
				CLANG_WARN_COMMA = YES;
				CLANG_WARN_CONSTANT_CONVERSION = YES;
				CLANG_WARN_DEPRECATED_OBJC_IMPLEMENTATIONS = YES;
				CLANG_WARN_DIRECT_OBJC_ISA_USAGE = YES_ERROR;
				CLANG_WARN_DOCUMENTATION_COMMENTS = YES;
				CLANG_WARN_EMPTY_BODY = YES;
				CLANG_WARN_ENUM_CONVERSION = YES;
				CLANG_WARN_INFINITE_RECURSION = YES;
				CLANG_WARN_INT_CONVERSION = YES;
				CLANG_WARN_NON_LITERAL_NULL_CONVERSION = YES;
				CLANG_WARN_OBJC_IMPLICIT_RETAIN_SELF = YES;
				CLANG_WARN_OBJC_LITERAL_CONVERSION = YES;
				CLANG_WARN_OBJC_ROOT_CLASS = YES_ERROR;
				CLANG_WARN_QUOTED_INCLUDE_IN_FRAMEWORK_HEADER = YES;
				CLANG_WARN_RANGE_LOOP_ANALYSIS = YES;
				CLANG_WARN_STRICT_PROTOTYPES = YES;
				CLANG_WARN_SUSPICIOUS_MOVE = YES;
				CLANG_WARN_UNGUARDED_AVAILABILITY = YES_AGGRESSIVE;
				CLANG_WARN_UNREACHABLE_CODE = YES;
				CLANG_WARN__DUPLICATE_METHOD_MATCH = YES;
				COPY_PHASE_STRIP = NO;
				DEBUG_INFORMATION_FORMAT = "dwarf-with-dsym";
				ENABLE_NS_ASSERTIONS = NO;
				ENABLE_STRICT_OBJC_MSGSEND = YES;
				GCC_C_LANGUAGE_STANDARD = gnu11;
				GCC_NO_COMMON_BLOCKS = YES;
				GCC_WARN_64_TO_32_BIT_CONVERSION = YES;
				GCC_WARN_ABOUT_RETURN_TYPE = YES_ERROR;
				GCC_WARN_UNDECLARED_SELECTOR = YES;
				GCC_WARN_UNINITIALIZED_AUTOS = YES_AGGRESSIVE;
				GCC_WARN_UNUSED_FUNCTION = YES;
				GCC_WARN_UNUSED_VARIABLE = YES;
				IPHONEOS_DEPLOYMENT_TARGET = 16.0;
				MTL_ENABLE_DEBUG_INFO = NO;
				MTL_FAST_MATH = YES;
				SDKROOT = iphoneos;
				SWIFT_COMPILATION_MODE = wholemodule;
				SWIFT_OPTIMIZATION_LEVEL = "-O";
				VALIDATE_PRODUCT = YES;
			};
			name = Release;
		};
		5696C02029BF3B7600A2B020 /* Debug */ = {
			isa = XCBuildConfiguration;
			baseConfigurationReference = B840484816C6523F0AB12CC6 /* Pods-Store test app.debug.xcconfig */;
			buildSettings = {
				ASSETCATALOG_COMPILER_APPICON_NAME = AppIcon;
				ASSETCATALOG_COMPILER_GLOBAL_ACCENT_COLOR_NAME = AccentColor;
				CODE_SIGN_STYLE = Automatic;
				CURRENT_PROJECT_VERSION = 1;
				DEVELOPMENT_TEAM = 4UL99FQPDT;
				GENERATE_INFOPLIST_FILE = YES;
				INFOPLIST_FILE = "Store test app/Resources/Info.plist";
				INFOPLIST_KEY_LSApplicationCategoryType = "public.app-category.shopping";
				INFOPLIST_KEY_UIApplicationSupportsIndirectInputEvents = YES;
				INFOPLIST_KEY_UILaunchStoryboardName = LaunchScreen;
				INFOPLIST_KEY_UIMainStoryboardFile = "";
				INFOPLIST_KEY_UISupportedInterfaceOrientations = UIInterfaceOrientationPortrait;
				INFOPLIST_KEY_UISupportedInterfaceOrientations_iPad = "UIInterfaceOrientationLandscapeLeft UIInterfaceOrientationLandscapeRight UIInterfaceOrientationPortrait UIInterfaceOrientationPortraitUpsideDown";
				LD_RUNPATH_SEARCH_PATHS = (
					"$(inherited)",
					"@executable_path/Frameworks",
				);
				MARKETING_VERSION = 1.0;
				PRODUCT_BUNDLE_IDENTIFIER = "eugene.Store-test-app";
				PRODUCT_NAME = "$(TARGET_NAME)";
				SWIFT_EMIT_LOC_STRINGS = YES;
				SWIFT_VERSION = 5.0;
				TARGETED_DEVICE_FAMILY = "1,2";
			};
			name = Debug;
		};
		5696C02129BF3B7600A2B020 /* Release */ = {
			isa = XCBuildConfiguration;
			baseConfigurationReference = 78457F081623896BA38AC3C2 /* Pods-Store test app.release.xcconfig */;
			buildSettings = {
				ASSETCATALOG_COMPILER_APPICON_NAME = AppIcon;
				ASSETCATALOG_COMPILER_GLOBAL_ACCENT_COLOR_NAME = AccentColor;
				CODE_SIGN_STYLE = Automatic;
				CURRENT_PROJECT_VERSION = 1;
				DEVELOPMENT_TEAM = 4UL99FQPDT;
				GENERATE_INFOPLIST_FILE = YES;
				INFOPLIST_FILE = "Store test app/Resources/Info.plist";
				INFOPLIST_KEY_LSApplicationCategoryType = "public.app-category.shopping";
				INFOPLIST_KEY_UIApplicationSupportsIndirectInputEvents = YES;
				INFOPLIST_KEY_UILaunchStoryboardName = LaunchScreen;
				INFOPLIST_KEY_UIMainStoryboardFile = "";
				INFOPLIST_KEY_UISupportedInterfaceOrientations = UIInterfaceOrientationPortrait;
				INFOPLIST_KEY_UISupportedInterfaceOrientations_iPad = "UIInterfaceOrientationLandscapeLeft UIInterfaceOrientationLandscapeRight UIInterfaceOrientationPortrait UIInterfaceOrientationPortraitUpsideDown";
				LD_RUNPATH_SEARCH_PATHS = (
					"$(inherited)",
					"@executable_path/Frameworks",
				);
				MARKETING_VERSION = 1.0;
				PRODUCT_BUNDLE_IDENTIFIER = "eugene.Store-test-app";
				PRODUCT_NAME = "$(TARGET_NAME)";
				SWIFT_EMIT_LOC_STRINGS = YES;
				SWIFT_VERSION = 5.0;
				TARGETED_DEVICE_FAMILY = "1,2";
			};
			name = Release;
		};
/* End XCBuildConfiguration section */

/* Begin XCConfigurationList section */
		5696C00329BF3B7400A2B020 /* Build configuration list for PBXProject "Store test app" */ = {
			isa = XCConfigurationList;
			buildConfigurations = (
				5696C01D29BF3B7600A2B020 /* Debug */,
				5696C01E29BF3B7600A2B020 /* Release */,
			);
			defaultConfigurationIsVisible = 0;
			defaultConfigurationName = Release;
		};
		5696C01F29BF3B7600A2B020 /* Build configuration list for PBXNativeTarget "Store test app" */ = {
			isa = XCConfigurationList;
			buildConfigurations = (
				5696C02029BF3B7600A2B020 /* Debug */,
				5696C02129BF3B7600A2B020 /* Release */,
			);
			defaultConfigurationIsVisible = 0;
			defaultConfigurationName = Release;
		};
/* End XCConfigurationList section */

/* Begin XCVersionGroup section */
		5696C01429BF3B7400A2B020 /* Store_test_app.xcdatamodeld */ = {
			isa = XCVersionGroup;
			children = (
				5696C01529BF3B7400A2B020 /* Store_test_app.xcdatamodel */,
			);
			currentVersion = 5696C01529BF3B7400A2B020 /* Store_test_app.xcdatamodel */;
			path = Store_test_app.xcdatamodeld;
			sourceTree = "<group>";
			versionGroupType = wrapper.xcdatamodel;
		};
/* End XCVersionGroup section */
	};
	rootObject = 5696C00029BF3B7400A2B020 /* Project object */;
}
